
Microsoft Visual Studio Solution File, Format Version 12.00
# Visual Studio Version 16
VisualStudioVersion = 16.0.31729.503
MinimumVisualStudioVersion = 10.0.40219.1
Project("{9A19103F-16F7-4668-BE54-9A1E7A4F7556}") = "Assignment5", "Assignment5.csproj", "{C51FD6A3-7F5E-423F-A781-9E572E81B475}"
EndProject
Global
	GlobalSection(SolutionConfigurationPlatforms) = preSolution
		Debug|Any CPU = Debug|Any CPU
		Release|Any CPU = Release|Any CPU
	EndGlobalSection
	GlobalSection(ProjectConfigurationPlatforms) = postSolution
		{C51FD6A3-7F5E-423F-A781-9E572E81B475}.Debug|Any CPU.ActiveCfg = Debug|Any CPU
		{C51FD6A3-7F5E-423F-A781-9E572E81B475}.Debug|Any CPU.Build.0 = Debug|Any CPU
		{C51FD6A3-7F5E-423F-A781-9E572E81B475}.Release|Any CPU.ActiveCfg = Release|Any CPU
		{C51FD6A3-7F5E-423F-A781-9E572E81B475}.Release|Any CPU.Build.0 = Release|Any CPU
	EndGlobalSection
	GlobalSection(SolutionProperties) = preSolution
		HideSolutionNode = FALSE
	EndGlobalSection
	GlobalSection(ExtensibilityGlobals) = postSolution
		SolutionGuid = {589CA7D4-5881-4817-8F41-8FB7E07972A6}
	EndGlobalSection
EndGlobal
